
Microsoft Visual Studio Solution File, Format Version 12.00
# Visual Studio Version 17
VisualStudioVersion = 17.8.34330.188
MinimumVisualStudioVersion = 10.0.40219.1
Project("{FAE04EC0-301F-11D3-BF4B-00C04F79EFBC}") = "Playground", "Workaround\Playground.csproj", "{423E447B-CA5A-4C6E-8883-40C4490D753E}"
EndProject
Project("{FAE04EC0-301F-11D3-BF4B-00C04F79EFBC}") = "Entities", "Entities\Entities.csproj", "{7B8AE8BB-81F0-4C21-9B5A-F0D0DCF02611}"
EndProject
Project("{FAE04EC0-301F-11D3-BF4B-00C04F79EFBC}") = "Business", "Business\Business.csproj", "{5F5D7DF9-1183-4815-9C4F-7EE25C994F9A}"
EndProject
Global
	GlobalSection(SolutionConfigurationPlatforms) = preSolution
		Debug|Any CPU = Debug|Any CPU
		Release|Any CPU = Release|Any CPU
	EndGlobalSection
	GlobalSection(ProjectConfigurationPlatforms) = postSolution
		{423E447B-CA5A-4C6E-8883-40C4490D753E}.Debug|Any CPU.ActiveCfg = Debug|Any CPU
		{423E447B-CA5A-4C6E-8883-40C4490D753E}.Debug|Any CPU.Build.0 = Debug|Any CPU
		{423E447B-CA5A-4C6E-8883-40C4490D753E}.Release|Any CPU.ActiveCfg = Release|Any CPU
		{423E447B-CA5A-4C6E-8883-40C4490D753E}.Release|Any CPU.Build.0 = Release|Any CPU
		{7B8AE8BB-81F0-4C21-9B5A-F0D0DCF02611}.Debug|Any CPU.ActiveCfg = Debug|Any CPU
		{7B8AE8BB-81F0-4C21-9B5A-F0D0DCF02611}.Debug|Any CPU.Build.0 = Debug|Any CPU
		{7B8AE8BB-81F0-4C21-9B5A-F0D0DCF02611}.Release|Any CPU.ActiveCfg = Release|Any CPU
		{7B8AE8BB-81F0-4C21-9B5A-F0D0DCF02611}.Release|Any CPU.Build.0 = Release|Any CPU
		{5F5D7DF9-1183-4815-9C4F-7EE25C994F9A}.Debug|Any CPU.ActiveCfg = Debug|Any CPU
		{5F5D7DF9-1183-4815-9C4F-7EE25C994F9A}.Debug|Any CPU.Build.0 = Debug|Any CPU
		{5F5D7DF9-1183-4815-9C4F-7EE25C994F9A}.Release|Any CPU.ActiveCfg = Release|Any CPU
		{5F5D7DF9-1183-4815-9C4F-7EE25C994F9A}.Release|Any CPU.Build.0 = Release|Any CPU
	EndGlobalSection
	GlobalSection(SolutionProperties) = preSolution
		HideSolutionNode = FALSE
	EndGlobalSection
	GlobalSection(ExtensibilityGlobals) = postSolution
		SolutionGuid = {06273031-8057-4380-B101-1E2C3E2CA115}
	EndGlobalSection
EndGlobal
